// !$*UTF8*$!
{
	archiveVersion = 1;
	classes = {
	};
	objectVersion = 55;
	objects = {

/* Begin PBXBuildFile section */
		78761838276775F80006284E /* DetailView.swift in Sources */ = {isa = PBXBuildFile; fileRef = 78761837276775F80006284E /* DetailView.swift */; };
		78D7C4C0276314D7002F3BBA /* AR_AppApp.swift in Sources */ = {isa = PBXBuildFile; fileRef = 78D7C4BF276314D7002F3BBA /* AR_AppApp.swift */; };
		78D7C4C2276314D7002F3BBA /* ContentView.swift in Sources */ = {isa = PBXBuildFile; fileRef = 78D7C4C1276314D7002F3BBA /* ContentView.swift */; };
		78D7C4C4276314DB002F3BBA /* Assets.xcassets in Resources */ = {isa = PBXBuildFile; fileRef = 78D7C4C3276314DB002F3BBA /* Assets.xcassets */; };
		78D7C4C7276314DB002F3BBA /* Preview Assets.xcassets in Resources */ = {isa = PBXBuildFile; fileRef = 78D7C4C6276314DB002F3BBA /* Preview Assets.xcassets */; };
		78D7C4CF27631AC0002F3BBA /* Home.swift in Sources */ = {isa = PBXBuildFile; fileRef = 78D7C4CE27631AC0002F3BBA /* Home.swift */; };
		78D7C4D227631ED5002F3BBA /* ModelData.swift in Sources */ = {isa = PBXBuildFile; fileRef = 78D7C4D127631ED4002F3BBA /* ModelData.swift */; };
		78D7C4E227632382002F3BBA /* TabButton.swift in Sources */ = {isa = PBXBuildFile; fileRef = 78D7C4E127632382002F3BBA /* TabButton.swift */; };
		78D7C4E427633454002F3BBA /* ItemView.swift in Sources */ = {isa = PBXBuildFile; fileRef = 78D7C4E327633454002F3BBA /* ItemView.swift */; };
/* End PBXBuildFile section */

/* Begin PBXFileReference section */
		78761837276775F80006284E /* DetailView.swift */ = {isa = PBXFileReference; lastKnownFileType = sourcecode.swift; path = DetailView.swift; sourceTree = "<group>"; };
		78D7C4BC276314D7002F3BBA /* AR App.app */ = {isa = PBXFileReference; explicitFileType = wrapper.application; includeInIndex = 0; path = "AR App.app"; sourceTree = BUILT_PRODUCTS_DIR; };
		78D7C4BF276314D7002F3BBA /* AR_AppApp.swift */ = {isa = PBXFileReference; lastKnownFileType = sourcecode.swift; path = AR_AppApp.swift; sourceTree = "<group>"; };
		78D7C4C1276314D7002F3BBA /* ContentView.swift */ = {isa = PBXFileReference; lastKnownFileType = sourcecode.swift; path = ContentView.swift; sourceTree = "<group>"; };
		78D7C4C3276314DB002F3BBA /* Assets.xcassets */ = {isa = PBXFileReference; lastKnownFileType = folder.assetcatalog; path = Assets.xcassets; sourceTree = "<group>"; };
		78D7C4C6276314DB002F3BBA /* Preview Assets.xcassets */ = {isa = PBXFileReference; lastKnownFileType = folder.assetcatalog; path = "Preview Assets.xcassets"; sourceTree = "<group>"; };
		78D7C4CE27631AC0002F3BBA /* Home.swift */ = {isa = PBXFileReference; lastKnownFileType = sourcecode.swift; path = Home.swift; sourceTree = "<group>"; };
		78D7C4D127631ED4002F3BBA /* ModelData.swift */ = {isa = PBXFileReference; lastKnownFileType = sourcecode.swift; path = ModelData.swift; sourceTree = "<group>"; };
		78D7C4E127632382002F3BBA /* TabButton.swift */ = {isa = PBXFileReference; lastKnownFileType = sourcecode.swift; path = TabButton.swift; sourceTree = "<group>"; };
		78D7C4E327633454002F3BBA /* ItemView.swift */ = {isa = PBXFileReference; lastKnownFileType = sourcecode.swift; path = ItemView.swift; sourceTree = "<group>"; };
/* End PBXFileReference section */

/* Begin PBXFrameworksBuildPhase section */
		78D7C4B9276314D7002F3BBA /* Frameworks */ = {
			isa = PBXFrameworksBuildPhase;
			buildActionMask = 2147483647;
			files = (
			);
			runOnlyForDeploymentPostprocessing = 0;
		};
/* End PBXFrameworksBuildPhase section */

/* Begin PBXGroup section */
		78D7C4B3276314D7002F3BBA = {
			isa = PBXGroup;
			children = (
				78D7C4D027631E5F002F3BBA /* Model */,
				78D7C4CD27631A9E002F3BBA /* View */,
				78D7C4BE276314D7002F3BBA /* AR App */,
				78D7C4BD276314D7002F3BBA /* Products */,
			);
			sourceTree = "<group>";
		};
		78D7C4BD276314D7002F3BBA /* Products */ = {
			isa = PBXGroup;
			children = (
				78D7C4BC276314D7002F3BBA /* AR App.app */,
			);
			name = Products;
			sourceTree = "<group>";
		};
		78D7C4BE276314D7002F3BBA /* AR App */ = {
			isa = PBXGroup;
			children = (
				78D7C4BF276314D7002F3BBA /* AR_AppApp.swift */,
				78D7C4C1276314D7002F3BBA /* ContentView.swift */,
				78D7C4C3276314DB002F3BBA /* Assets.xcassets */,
				78D7C4C5276314DB002F3BBA /* Preview Content */,
			);
			path = "AR App";
			sourceTree = "<group>";
		};
		78D7C4C5276314DB002F3BBA /* Preview Content */ = {
			isa = PBXGroup;
			children = (
				78D7C4C6276314DB002F3BBA /* Preview Assets.xcassets */,
			);
			path = "Preview Content";
			sourceTree = "<group>";
		};
		78D7C4CD27631A9E002F3BBA /* View */ = {
			isa = PBXGroup;
			children = (
				78D7C4CE27631AC0002F3BBA /* Home.swift */,
				78D7C4E127632382002F3BBA /* TabButton.swift */,
				78D7C4E327633454002F3BBA /* ItemView.swift */,
				78761837276775F80006284E /* DetailView.swift */,
			);
			path = View;
			sourceTree = "<group>";
		};
		78D7C4D027631E5F002F3BBA /* Model */ = {
			isa = PBXGroup;
			children = (
				78D7C4D127631ED4002F3BBA /* ModelData.swift */,
			);
			path = Model;
			sourceTree = "<group>";
		};
/* End PBXGroup section */

/* Begin PBXNativeTarget section */
		78D7C4BB276314D7002F3BBA /* AR App */ = {
			isa = PBXNativeTarget;
			buildConfigurationList = 78D7C4CA276314DB002F3BBA /* Build configuration list for PBXNativeTarget "AR App" */;
			buildPhases = (
				78D7C4B8276314D7002F3BBA /* Sources */,
				78D7C4B9276314D7002F3BBA /* Frameworks */,
				78D7C4BA276314D7002F3BBA /* Resources */,
			);
			buildRules = (
			);
			dependencies = (
			);
			name = "AR App";
			productName = "AR App";
			productReference = 78D7C4BC276314D7002F3BBA /* AR App.app */;
			productType = "com.apple.product-type.application";
		};
/* End PBXNativeTarget section */

/* Begin PBXProject section */
		78D7C4B4276314D7002F3BBA /* Project object */ = {
			isa = PBXProject;
			attributes = {
				BuildIndependentTargetsInParallel = 1;
				LastSwiftUpdateCheck = 1310;
				LastUpgradeCheck = 1310;
				TargetAttributes = {
					78D7C4BB276314D7002F3BBA = {
						CreatedOnToolsVersion = 13.1;
					};
				};
			};
			buildConfigurationList = 78D7C4B7276314D7002F3BBA /* Build configuration list for PBXProject "AR App" */;
			compatibilityVersion = "Xcode 13.0";
			developmentRegion = en;
			hasScannedForEncodings = 0;
			knownRegions = (
				en,
				Base,
			);
			mainGroup = 78D7C4B3276314D7002F3BBA;
			productRefGroup = 78D7C4BD276314D7002F3BBA /* Products */;
			projectDirPath = "";
			projectRoot = "";
			targets = (
				78D7C4BB276314D7002F3BBA /* AR App */,
			);
		};
/* End PBXProject section */

/* Begin PBXResourcesBuildPhase section */
		78D7C4BA276314D7002F3BBA /* Resources */ = {
			isa = PBXResourcesBuildPhase;
			buildActionMask = 2147483647;
			files = (
				78D7C4C7276314DB002F3BBA /* Preview Assets.xcassets in Resources */,
				78D7C4C4276314DB002F3BBA /* Assets.xcassets in Resources */,
			);
			runOnlyForDeploymentPostprocessing = 0;
		};
/* End PBXResourcesBuildPhase section */

/* Begin PBXSourcesBuildPhase section */
		78D7C4B8276314D7002F3BBA /* Sources */ = {
			isa = PBXSourcesBuildPhase;
			buildActionMask = 2147483647;
			files = (
				78D7C4C2276314D7002F3BBA /* ContentView.swift in Sources */,
				78D7C4D227631ED5002F3BBA /* ModelData.swift in Sources */,
				78D7C4CF27631AC0002F3BBA /* Home.swift in Sources */,
				78761838276775F80006284E /* DetailView.swift in Sources */,
				78D7C4E227632382002F3BBA /* TabButton.swift in Sources */,
				78D7C4C0276314D7002F3BBA /* AR_AppApp.swift in Sources */,
				78D7C4E427633454002F3BBA /* ItemView.swift in Sources */,
			);
			runOnlyForDeploymentPostprocessing = 0;
		};
/* End PBXSourcesBuildPhase section */

/* Begin XCBuildConfiguration section */
		78D7C4C8276314DB002F3BBA /* Debug */ = {
			isa = XCBuildConfiguration;
			buildSettings = {
				ALWAYS_SEARCH_USER_PATHS = NO;
				CLANG_ANALYZER_NONNULL = YES;
				CLANG_ANALYZER_NUMBER_OBJECT_CONVERSION = YES_AGGRESSIVE;
				CLANG_CXX_LANGUAGE_STANDARD = "gnu++17";
				CLANG_CXX_LIBRARY = "libc++";
				CLANG_ENABLE_MODULES = YES;
				CLANG_ENABLE_OBJC_ARC = YES;
				CLANG_ENABLE_OBJC_WEAK = YES;
				CLANG_WARN_BLOCK_CAPTURE_AUTORELEASING = YES;
				CLANG_WARN_BOOL_CONVERSION = YES;
				CLANG_WARN_COMMA = YES;
				CLANG_WARN_CONSTANT_CONVERSION = YES;
				CLANG_WARN_DEPRECATED_OBJC_IMPLEMENTATIONS = YES;
				CLANG_WARN_DIRECT_OBJC_ISA_USAGE = YES_ERROR;
				CLANG_WARN_DOCUMENTATION_COMMENTS = YES;
				CLANG_WARN_EMPTY_BODY = YES;
				CLANG_WARN_ENUM_CONVERSION = YES;
				CLANG_WARN_INFINITE_RECURSION = YES;
				CLANG_WARN_INT_CONVERSION = YES;
				CLANG_WARN_NON_LITERAL_NULL_CONVERSION = YES;
				CLANG_WARN_OBJC_IMPLICIT_RETAIN_SELF = YES;
				CLANG_WARN_OBJC_LITERAL_CONVERSION = YES;
				CLANG_WARN_OBJC_ROOT_CLASS = YES_ERROR;
				CLANG_WARN_QUOTED_INCLUDE_IN_FRAMEWORK_HEADER = YES;
				CLANG_WARN_RANGE_LOOP_ANALYSIS = YES;
				CLANG_WARN_STRICT_PROTOTYPES = YES;
				CLANG_WARN_SUSPICIOUS_MOVE = YES;
				CLANG_WARN_UNGUARDED_AVAILABILITY = YES_AGGRESSIVE;
				CLANG_WARN_UNREACHABLE_CODE = YES;
				CLANG_WARN__DUPLICATE_METHOD_MATCH = YES;
				COPY_PHASE_STRIP = NO;
				DEBUG_INFORMATION_FORMAT = dwarf;
				ENABLE_STRICT_OBJC_MSGSEND = YES;
				ENABLE_TESTABILITY = YES;
				GCC_C_LANGUAGE_STANDARD = gnu11;
				GCC_DYNAMIC_NO_PIC = NO;
				GCC_NO_COMMON_BLOCKS = YES;
				GCC_OPTIMIZATION_LEVEL = 0;
				GCC_PREPROCESSOR_DEFINITIONS = (
					"DEBUG=1",
					"$(inherited)",
				);
				GCC_WARN_64_TO_32_BIT_CONVERSION = YES;
				GCC_WARN_ABOUT_RETURN_TYPE = YES_ERROR;
				GCC_WARN_UNDECLARED_SELECTOR = YES;
				GCC_WARN_UNINITIALIZED_AUTOS = YES_AGGRESSIVE;
				GCC_WARN_UNUSED_FUNCTION = YES;
				GCC_WARN_UNUSED_VARIABLE = YES;
				IPHONEOS_DEPLOYMENT_TARGET = 14.0;
				MTL_ENABLE_DEBUG_INFO = INCLUDE_SOURCE;
				MTL_FAST_MATH = YES;
				ONLY_ACTIVE_ARCH = YES;
				SDKROOT = iphoneos;
				SWIFT_ACTIVE_COMPILATION_CONDITIONS = DEBUG;
				SWIFT_OPTIMIZATION_LEVEL = "-Onone";
			};
			name = Debug;
		};
		78D7C4C9276314DB002F3BBA /* Release */ = {
			isa = XCBuildConfiguration;
			buildSettings = {
				ALWAYS_SEARCH_USER_PATHS = NO;
				CLANG_ANALYZER_NONNULL = YES;
				CLANG_ANALYZER_NUMBER_OBJECT_CONVERSION = YES_AGGRESSIVE;
				CLANG_CXX_LANGUAGE_STANDARD = "gnu++17";
				CLANG_CXX_LIBRARY = "libc++";
				CLANG_ENABLE_MODULES = YES;
				CLANG_ENABLE_OBJC_ARC = YES;
				CLANG_ENABLE_OBJC_WEAK = YES;
				CLANG_WARN_BLOCK_CAPTURE_AUTORELEASING = YES;
				CLANG_WARN_BOOL_CONVERSION = YES;
				CLANG_WARN_COMMA = YES;
				CLANG_WARN_CONSTANT_CONVERSION = YES;
				CLANG_WARN_DEPRECATED_OBJC_IMPLEMENTATIONS = YES;
				CLANG_WARN_DIRECT_OBJC_ISA_USAGE = YES_ERROR;
				CLANG_WARN_DOCUMENTATION_COMMENTS = YES;
				CLANG_WARN_EMPTY_BODY = YES;
				CLANG_WARN_ENUM_CONVERSION = YES;
				CLANG_WARN_INFINITE_RECURSION = YES;
				CLANG_WARN_INT_CONVERSION = YES;
				CLANG_WARN_NON_LITERAL_NULL_CONVERSION = YES;
				CLANG_WARN_OBJC_IMPLICIT_RETAIN_SELF = YES;
				CLANG_WARN_OBJC_LITERAL_CONVERSION = YES;
				CLANG_WARN_OBJC_ROOT_CLASS = YES_ERROR;
				CLANG_WARN_QUOTED_INCLUDE_IN_FRAMEWORK_HEADER = YES;
				CLANG_WARN_RANGE_LOOP_ANALYSIS = YES;
				CLANG_WARN_STRICT_PROTOTYPES = YES;
				CLANG_WARN_SUSPICIOUS_MOVE = YES;
				CLANG_WARN_UNGUARDED_AVAILABILITY = YES_AGGRESSIVE;
				CLANG_WARN_UNREACHABLE_CODE = YES;
				CLANG_WARN__DUPLICATE_METHOD_MATCH = YES;
				COPY_PHASE_STRIP = NO;
				DEBUG_INFORMATION_FORMAT = "dwarf-with-dsym";
				ENABLE_NS_ASSERTIONS = NO;
				ENABLE_STRICT_OBJC_MSGSEND = YES;
				GCC_C_LANGUAGE_STANDARD = gnu11;
				GCC_NO_COMMON_BLOCKS = YES;
				GCC_WARN_64_TO_32_BIT_CONVERSION = YES;
				GCC_WARN_ABOUT_RETURN_TYPE = YES_ERROR;
				GCC_WARN_UNDECLARED_SELECTOR = YES;
				GCC_WARN_UNINITIALIZED_AUTOS = YES_AGGRESSIVE;
				GCC_WARN_UNUSED_FUNCTION = YES;
				GCC_WARN_UNUSED_VARIABLE = YES;
				IPHONEOS_DEPLOYMENT_TARGET = 14.0;
				MTL_ENABLE_DEBUG_INFO = NO;
				MTL_FAST_MATH = YES;
				SDKROOT = iphoneos;
				SWIFT_COMPILATION_MODE = wholemodule;
				SWIFT_OPTIMIZATION_LEVEL = "-O";
				VALIDATE_PRODUCT = YES;
			};
			name = Release;
		};
		78D7C4CB276314DB002F3BBA /* Debug */ = {
			isa = XCBuildConfiguration;
			buildSettings = {
				ASSETCATALOG_COMPILER_APPICON_NAME = AppIcon;
				ASSETCATALOG_COMPILER_GLOBAL_ACCENT_COLOR_NAME = AccentColor;
				ASSETCATALOG_COMPILER_INCLUDE_ALL_APPICON_ASSETS = NO;
				CODE_SIGN_STYLE = Automatic;
				CURRENT_PROJECT_VERSION = 1;
				DEVELOPMENT_ASSET_PATHS = "\"AR App/Preview Content\"";
				DEVELOPMENT_TEAM = DSAJV9NA7Y;
				ENABLE_PREVIEWS = YES;
				GENERATE_INFOPLIST_FILE = YES;
				INFOPLIST_KEY_UIApplicationSceneManifest_Generation = YES;
				INFOPLIST_KEY_UIApplicationSupportsIndirectInputEvents = YES;
				INFOPLIST_KEY_UILaunchScreen_Generation = YES;
				INFOPLIST_KEY_UISupportedInterfaceOrientations_iPad = "UIInterfaceOrientationPortrait UIInterfaceOrientationPortraitUpsideDown UIInterfaceOrientationLandscapeLeft UIInterfaceOrientationLandscapeRight";
				INFOPLIST_KEY_UISupportedInterfaceOrientations_iPhone = "UIInterfaceOrientationPortrait UIInterfaceOrientationLandscapeLeft UIInterfaceOrientationLandscapeRight";
				IPHONEOS_DEPLOYMENT_TARGET = 14.0;
				LD_RUNPATH_SEARCH_PATHS = (
					"$(inherited)",
					"@executable_path/Frameworks",
				);
				MARKETING_VERSION = 1.0;
				PRODUCT_BUNDLE_IDENTIFIER = "miqan.AR-App";
				PRODUCT_NAME = "$(TARGET_NAME)";
				SWIFT_EMIT_LOC_STRINGS = YES;
				SWIFT_VERSION = 5.0;
				TARGETED_DEVICE_FAMILY = 1;
			};
			name = Debug;
		};
		78D7C4CC276314DB002F3BBA /* Release */ = {
			isa = XCBuildConfiguration;
			buildSettings = {
				ASSETCATALOG_COMPILER_APPICON_NAME = AppIcon;
				ASSETCATALOG_COMPILER_GLOBAL_ACCENT_COLOR_NAME = AccentColor;
				ASSETCATALOG_COMPILER_INCLUDE_ALL_APPICON_ASSETS = NO;
				CODE_SIGN_STYLE = Automatic;
				CURRENT_PROJECT_VERSION = 1;
				DEVELOPMENT_ASSET_PATHS = "\"AR App/Preview Content\"";
				DEVELOPMENT_TEAM = DSAJV9NA7Y;
				ENABLE_PREVIEWS = YES;
				GENERATE_INFOPLIST_FILE = YES;
				INFOPLIST_KEY_UIApplicationSceneManifest_Generation = YES;
				INFOPLIST_KEY_UIApplicationSupportsIndirectInputEvents = YES;
				INFOPLIST_KEY_UILaunchScreen_Generation = YES;
				INFOPLIST_KEY_UISupportedInterfaceOrientations_iPad = "UIInterfaceOrientationPortrait UIInterfaceOrientationPortraitUpsideDown UIInterfaceOrientationLandscapeLeft UIInterfaceOrientationLandscapeRight";
				INFOPLIST_KEY_UISupportedInterfaceOrientations_iPhone = "UIInterfaceOrientationPortrait UIInterfaceOrientationLandscapeLeft UIInterfaceOrientationLandscapeRight";
				IPHONEOS_DEPLOYMENT_TARGET = 14.0;
				LD_RUNPATH_SEARCH_PATHS = (
					"$(inherited)",
					"@executable_path/Frameworks",
				);
				MARKETING_VERSION = 1.0;
				PRODUCT_BUNDLE_IDENTIFIER = "miqan.AR-App";
				PRODUCT_NAME = "$(TARGET_NAME)";
				SWIFT_EMIT_LOC_STRINGS = YES;
				SWIFT_VERSION = 5.0;
				TARGETED_DEVICE_FAMILY = 1;
			};
			name = Release;
		};
/* End XCBuildConfiguration section */

/* Begin XCConfigurationList section */
		78D7C4B7276314D7002F3BBA /* Build configuration list for PBXProject "AR App" */ = {
			isa = XCConfigurationList;
			buildConfigurations = (
				78D7C4C8276314DB002F3BBA /* Debug */,
				78D7C4C9276314DB002F3BBA /* Release */,
			);
			defaultConfigurationIsVisible = 0;
			defaultConfigurationName = Release;
		};
		78D7C4CA276314DB002F3BBA /* Build configuration list for PBXNativeTarget "AR App" */ = {
			isa = XCConfigurationList;
			buildConfigurations = (
				78D7C4CB276314DB002F3BBA /* Debug */,
				78D7C4CC276314DB002F3BBA /* Release */,
			);
			defaultConfigurationIsVisible = 0;
			defaultConfigurationName = Release;
		};
/* End XCConfigurationList section */
	};
	rootObject = 78D7C4B4276314D7002F3BBA /* Project object */;
}
